{
  "name": "zadanie_rekrutacyjne",
  "lockfileVersion": 3,
  "requires": true,
  "packages": {
    "": {
      "dependencies": {
        "ballerina": "^0.0.1"
      }
    },
    "node_modules/ballerina": {
      "version": "0.0.1",
      "resolved": "https://registry.npmjs.org/ballerina/-/ballerina-0.0.1.tgz",
      "integrity": "sha512-wRj1dUeTAOnsuMOreWmTZ6r1XJRZX/VoJnVDjlXGV/gx7hYFSlouBcHDUvD6iHV+kDcXar2Wq6vLVFNI2z9kAw=="
    }
  }
}
